
Microsoft Visual Studio Solution File, Format Version 12.00
# Visual Studio 15
VisualStudioVersion = 15.0.28307.1267
MinimumVisualStudioVersion = 10.0.40219.1
Project("{FAE04EC0-301F-11D3-BF4B-00C04F79EFBC}") = "ClientProxy-P4-018_Form", "ClientProxy-P4-018_Form\ClientProxy-P4-018_Form.csproj", "{06ECB9CB-AF58-4DC9-B000-F2D30E853120}"
EndProject
Global
	GlobalSection(SolutionConfigurationPlatforms) = preSolution
		Debug|Any CPU = Debug|Any CPU
		Release|Any CPU = Release|Any CPU
	EndGlobalSection
	GlobalSection(ProjectConfigurationPlatforms) = postSolution
		{06ECB9CB-AF58-4DC9-B000-F2D30E853120}.Debug|Any CPU.ActiveCfg = Debug|Any CPU
		{06ECB9CB-AF58-4DC9-B000-F2D30E853120}.Debug|Any CPU.Build.0 = Debug|Any CPU
		{06ECB9CB-AF58-4DC9-B000-F2D30E853120}.Release|Any CPU.ActiveCfg = Release|Any CPU
		{06ECB9CB-AF58-4DC9-B000-F2D30E853120}.Release|Any CPU.Build.0 = Release|Any CPU
	EndGlobalSection
	GlobalSection(SolutionProperties) = preSolution
		HideSolutionNode = FALSE
	EndGlobalSection
	GlobalSection(ExtensibilityGlobals) = postSolution
		SolutionGuid = {62DDE0B8-CE8A-41FD-9855-0BEADC9D9859}
	EndGlobalSection
EndGlobal
